
Microsoft Visual Studio Solution File, Format Version 12.00
# Visual Studio Version 16
VisualStudioVersion = 16.0.31829.152
MinimumVisualStudioVersion = 10.0.40219.1
Project("{FAE04EC0-301F-11D3-BF4B-00C04F79EFBC}") = "BackendAnnonce", "BackendAnnonce\BackendAnnonce.csproj", "{18000734-7DF4-4A64-A9CF-9AFBBED9ED1B}"
EndProject
Project("{FAE04EC0-301F-11D3-BF4B-00C04F79EFBC}") = "BackendAnnonce.Domain", "BackendAnnonce.Domain\BackendAnnonce.Domain.csproj", "{C38C52E0-B7B9-46BA-B9C8-9CBE19C524E4}"
EndProject
Project("{FAE04EC0-301F-11D3-BF4B-00C04F79EFBC}") = "BackendAnnonce.Infrastructure", "BackendAnnonce.Infrastructure\BackendAnnonce.Infrastructure.csproj", "{487D43DC-7CFA-4EBC-BF1E-8163ABD092EF}"
EndProject
Project("{FAE04EC0-301F-11D3-BF4B-00C04F79EFBC}") = "BackendAnnonce.Persistence", "BackendAnnonce.Persistence\BackendAnnonce.Persistence.csproj", "{4E3DC3E1-47B1-4C19-A0BB-7CA4E7A129A5}"
EndProject
Project("{FAE04EC0-301F-11D3-BF4B-00C04F79EFBC}") = "BackendAnnonce.Service", "BackendAnnonce.Service\BackendAnnonce.Service.csproj", "{AAC2F4F1-60B7-440C-958D-4E607845E5F6}"
EndProject
Project("{FAE04EC0-301F-11D3-BF4B-00C04F79EFBC}") = "BackendAnnonce.Test.Integration", "BackendAnnonce.Test.Integration\BackendAnnonce.Test.Integration.csproj", "{C6BCE458-747E-41EC-931F-EFCFBFF3F006}"
EndProject
Project("{FAE04EC0-301F-11D3-BF4B-00C04F79EFBC}") = "BackendAnnonce.Test.Unit", "BackendAnnonce.Test.Unit\BackendAnnonce.Test.Unit.csproj", "{E96ADE3A-34DA-4798-8E28-6E4B55DC4A0C}"
EndProject
Global
	GlobalSection(SolutionConfigurationPlatforms) = preSolution
		Debug|Any CPU = Debug|Any CPU
		Release|Any CPU = Release|Any CPU
	EndGlobalSection
	GlobalSection(ProjectConfigurationPlatforms) = postSolution
		{18000734-7DF4-4A64-A9CF-9AFBBED9ED1B}.Debug|Any CPU.ActiveCfg = Debug|Any CPU
		{18000734-7DF4-4A64-A9CF-9AFBBED9ED1B}.Debug|Any CPU.Build.0 = Debug|Any CPU
		{18000734-7DF4-4A64-A9CF-9AFBBED9ED1B}.Release|Any CPU.ActiveCfg = Release|Any CPU
		{18000734-7DF4-4A64-A9CF-9AFBBED9ED1B}.Release|Any CPU.Build.0 = Release|Any CPU
		{C38C52E0-B7B9-46BA-B9C8-9CBE19C524E4}.Debug|Any CPU.ActiveCfg = Debug|Any CPU
		{C38C52E0-B7B9-46BA-B9C8-9CBE19C524E4}.Debug|Any CPU.Build.0 = Debug|Any CPU
		{C38C52E0-B7B9-46BA-B9C8-9CBE19C524E4}.Release|Any CPU.ActiveCfg = Release|Any CPU
		{C38C52E0-B7B9-46BA-B9C8-9CBE19C524E4}.Release|Any CPU.Build.0 = Release|Any CPU
		{487D43DC-7CFA-4EBC-BF1E-8163ABD092EF}.Debug|Any CPU.ActiveCfg = Debug|Any CPU
		{487D43DC-7CFA-4EBC-BF1E-8163ABD092EF}.Debug|Any CPU.Build.0 = Debug|Any CPU
		{487D43DC-7CFA-4EBC-BF1E-8163ABD092EF}.Release|Any CPU.ActiveCfg = Release|Any CPU
		{487D43DC-7CFA-4EBC-BF1E-8163ABD092EF}.Release|Any CPU.Build.0 = Release|Any CPU
		{4E3DC3E1-47B1-4C19-A0BB-7CA4E7A129A5}.Debug|Any CPU.ActiveCfg = Debug|Any CPU
		{4E3DC3E1-47B1-4C19-A0BB-7CA4E7A129A5}.Debug|Any CPU.Build.0 = Debug|Any CPU
		{4E3DC3E1-47B1-4C19-A0BB-7CA4E7A129A5}.Release|Any CPU.ActiveCfg = Release|Any CPU
		{4E3DC3E1-47B1-4C19-A0BB-7CA4E7A129A5}.Release|Any CPU.Build.0 = Release|Any CPU
		{AAC2F4F1-60B7-440C-958D-4E607845E5F6}.Debug|Any CPU.ActiveCfg = Debug|Any CPU
		{AAC2F4F1-60B7-440C-958D-4E607845E5F6}.Debug|Any CPU.Build.0 = Debug|Any CPU
		{AAC2F4F1-60B7-440C-958D-4E607845E5F6}.Release|Any CPU.ActiveCfg = Release|Any CPU
		{AAC2F4F1-60B7-440C-958D-4E607845E5F6}.Release|Any CPU.Build.0 = Release|Any CPU
		{C6BCE458-747E-41EC-931F-EFCFBFF3F006}.Debug|Any CPU.ActiveCfg = Debug|Any CPU
		{C6BCE458-747E-41EC-931F-EFCFBFF3F006}.Debug|Any CPU.Build.0 = Debug|Any CPU
		{C6BCE458-747E-41EC-931F-EFCFBFF3F006}.Release|Any CPU.ActiveCfg = Release|Any CPU
		{C6BCE458-747E-41EC-931F-EFCFBFF3F006}.Release|Any CPU.Build.0 = Release|Any CPU
		{E96ADE3A-34DA-4798-8E28-6E4B55DC4A0C}.Debug|Any CPU.ActiveCfg = Debug|Any CPU
		{E96ADE3A-34DA-4798-8E28-6E4B55DC4A0C}.Debug|Any CPU.Build.0 = Debug|Any CPU
		{E96ADE3A-34DA-4798-8E28-6E4B55DC4A0C}.Release|Any CPU.ActiveCfg = Release|Any CPU
		{E96ADE3A-34DA-4798-8E28-6E4B55DC4A0C}.Release|Any CPU.Build.0 = Release|Any CPU
	EndGlobalSection
	GlobalSection(SolutionProperties) = preSolution
		HideSolutionNode = FALSE
	EndGlobalSection
	GlobalSection(ExtensibilityGlobals) = postSolution
		SolutionGuid = {396AB84E-375B-4A72-A54F-7BE9BEC70C54}
	EndGlobalSection
EndGlobal
